// !$*UTF8*$!
{
	archiveVersion = 1;
	classes = {
	};
	objectVersion = 48;
	objects = {

/* Begin PBXBuildFile section */
		710283452062B63D000EF70E /* AppDelegate.swift in Sources */ = {isa = PBXBuildFile; fileRef = 710283442062B63D000EF70E /* AppDelegate.swift */; };
		710283472062B63E000EF70E /* BaseViewController.swift in Sources */ = {isa = PBXBuildFile; fileRef = 710283462062B63E000EF70E /* BaseViewController.swift */; };
		7102834A2062B63E000EF70E /* Main.storyboard in Resources */ = {isa = PBXBuildFile; fileRef = 710283482062B63E000EF70E /* Main.storyboard */; };
		7102834C2062B63E000EF70E /* Assets.xcassets in Resources */ = {isa = PBXBuildFile; fileRef = 7102834B2062B63E000EF70E /* Assets.xcassets */; };
		7102834F2062B63E000EF70E /* LaunchScreen.storyboard in Resources */ = {isa = PBXBuildFile; fileRef = 7102834D2062B63E000EF70E /* LaunchScreen.storyboard */; };
		7102835A2062B63E000EF70E /* LunchTrainTests.swift in Sources */ = {isa = PBXBuildFile; fileRef = 710283592062B63E000EF70E /* LunchTrainTests.swift */; };
		71065BD72062BCDD008FFF55 /* TrainCreatorViewController.swift in Sources */ = {isa = PBXBuildFile; fileRef = 71065BD62062BCDD008FFF55 /* TrainCreatorViewController.swift */; };
		71065BD92062BD02008FFF55 /* NetworkService.swift in Sources */ = {isa = PBXBuildFile; fileRef = 71065BD82062BD02008FFF55 /* NetworkService.swift */; };
		71065BDF2062C177008FFF55 /* TrainListViewController.swift in Sources */ = {isa = PBXBuildFile; fileRef = 71065BDE2062C177008FFF55 /* TrainListViewController.swift */; };
		7157297A2062D88A008354DC /* TrainDetailViewController.swift in Sources */ = {isa = PBXBuildFile; fileRef = 715729792062D88A008354DC /* TrainDetailViewController.swift */; };
		7157297C2062F130008354DC /* NewTrainViewController.swift in Sources */ = {isa = PBXBuildFile; fileRef = 7157297B2062F130008354DC /* NewTrainViewController.swift */; };
		715729882063CB22008354DC /* GoogleService-Info.plist in Resources */ = {isa = PBXBuildFile; fileRef = 715729872063CB21008354DC /* GoogleService-Info.plist */; };
		71B12F2620CA8B8D00CE559D /* TrainListViewModel.swift in Sources */ = {isa = PBXBuildFile; fileRef = 71B12F2520CA8B8D00CE559D /* TrainListViewModel.swift */; };
		71B12F2820CA8B9600CE559D /* TrainListViewData.swift in Sources */ = {isa = PBXBuildFile; fileRef = 71B12F2720CA8B9600CE559D /* TrainListViewData.swift */; };
		71B12F2A20CA948000CE559D /* Train.swift in Sources */ = {isa = PBXBuildFile; fileRef = 71B12F2920CA948000CE559D /* Train.swift */; };
		71B12F2D20CA9B2300CE559D /* ViewController+Ext.swift in Sources */ = {isa = PBXBuildFile; fileRef = 71B12F2C20CA9B2300CE559D /* ViewController+Ext.swift */; };
		71B12F2F20CA9BE900CE559D /* main.swift in Sources */ = {isa = PBXBuildFile; fileRef = 71B12F2E20CA9BE900CE559D /* main.swift */; };
		71B12F3120CAB66F00CE559D /* TableViewAdapter.swift in Sources */ = {isa = PBXBuildFile; fileRef = 71B12F3020CAB66F00CE559D /* TableViewAdapter.swift */; };
		71B12F3320CAD19000CE559D /* NewTrainViewModel.swift in Sources */ = {isa = PBXBuildFile; fileRef = 71B12F3220CAD19000CE559D /* NewTrainViewModel.swift */; };
		71B12F3520CC0AD700CE559D /* TrainDetailViewModel.swift in Sources */ = {isa = PBXBuildFile; fileRef = 71B12F3420CC0AD700CE559D /* TrainDetailViewModel.swift */; };
		71B12F3720CC0AE200CE559D /* TrainDetailViewData.swift in Sources */ = {isa = PBXBuildFile; fileRef = 71B12F3620CC0AE200CE559D /* TrainDetailViewData.swift */; };
		71DC82D120DBAD4000E264DD /* User.swift in Sources */ = {isa = PBXBuildFile; fileRef = 71DC82D020DBAD4000E264DD /* User.swift */; };
		7DEC7B725B0000916B18AEDF /* Pods_LunchTrain.framework in Frameworks */ = {isa = PBXBuildFile; fileRef = 56A28F6FA3E04E8A1DB42762 /* Pods_LunchTrain.framework */; };
		9092A2C7BB89F33679DEC705 /* Pods_LunchTrainTests.framework in Frameworks */ = {isa = PBXBuildFile; fileRef = 90CA036A064572006CF1EB89 /* Pods_LunchTrainTests.framework */; };
/* End PBXBuildFile section */

/* Begin PBXContainerItemProxy section */
		710283562062B63E000EF70E /* PBXContainerItemProxy */ = {
			isa = PBXContainerItemProxy;
			containerPortal = 710283392062B63D000EF70E /* Project object */;
			proxyType = 1;
			remoteGlobalIDString = 710283402062B63D000EF70E;
			remoteInfo = LunchTrain;
		};
/* End PBXContainerItemProxy section */

/* Begin PBXFileReference section */
		2206D309C108025966CDBD87 /* Pods-LunchTrain.debug.xcconfig */ = {isa = PBXFileReference; includeInIndex = 1; lastKnownFileType = text.xcconfig; name = "Pods-LunchTrain.debug.xcconfig"; path = "Pods/Target Support Files/Pods-LunchTrain/Pods-LunchTrain.debug.xcconfig"; sourceTree = "<group>"; };
		512189AEA7DC7974F6D1E10D /* Pods-LunchTrain.release.xcconfig */ = {isa = PBXFileReference; includeInIndex = 1; lastKnownFileType = text.xcconfig; name = "Pods-LunchTrain.release.xcconfig"; path = "Pods/Target Support Files/Pods-LunchTrain/Pods-LunchTrain.release.xcconfig"; sourceTree = "<group>"; };
		552AE1DC34637018D2A4B46B /* Pods-LunchTrainTests.release.xcconfig */ = {isa = PBXFileReference; includeInIndex = 1; lastKnownFileType = text.xcconfig; name = "Pods-LunchTrainTests.release.xcconfig"; path = "Pods/Target Support Files/Pods-LunchTrainTests/Pods-LunchTrainTests.release.xcconfig"; sourceTree = "<group>"; };
		56A28F6FA3E04E8A1DB42762 /* Pods_LunchTrain.framework */ = {isa = PBXFileReference; explicitFileType = wrapper.framework; includeInIndex = 0; path = Pods_LunchTrain.framework; sourceTree = BUILT_PRODUCTS_DIR; };
		710283412062B63D000EF70E /* LunchTrain.app */ = {isa = PBXFileReference; explicitFileType = wrapper.application; includeInIndex = 0; path = LunchTrain.app; sourceTree = BUILT_PRODUCTS_DIR; };
		710283442062B63D000EF70E /* AppDelegate.swift */ = {isa = PBXFileReference; lastKnownFileType = sourcecode.swift; path = AppDelegate.swift; sourceTree = "<group>"; };
		710283462062B63E000EF70E /* BaseViewController.swift */ = {isa = PBXFileReference; lastKnownFileType = sourcecode.swift; path = BaseViewController.swift; sourceTree = "<group>"; };
		710283492062B63E000EF70E /* Base */ = {isa = PBXFileReference; lastKnownFileType = file.storyboard; name = Base; path = Base.lproj/Main.storyboard; sourceTree = "<group>"; };
		7102834B2062B63E000EF70E /* Assets.xcassets */ = {isa = PBXFileReference; lastKnownFileType = folder.assetcatalog; path = Assets.xcassets; sourceTree = "<group>"; };
		7102834E2062B63E000EF70E /* Base */ = {isa = PBXFileReference; lastKnownFileType = file.storyboard; name = Base; path = Base.lproj/LaunchScreen.storyboard; sourceTree = "<group>"; };
		710283502062B63E000EF70E /* Info.plist */ = {isa = PBXFileReference; lastKnownFileType = text.plist.xml; path = Info.plist; sourceTree = "<group>"; };
		710283552062B63E000EF70E /* LunchTrainTests.xctest */ = {isa = PBXFileReference; explicitFileType = wrapper.cfbundle; includeInIndex = 0; path = LunchTrainTests.xctest; sourceTree = BUILT_PRODUCTS_DIR; };
		710283592062B63E000EF70E /* LunchTrainTests.swift */ = {isa = PBXFileReference; lastKnownFileType = sourcecode.swift; path = LunchTrainTests.swift; sourceTree = "<group>"; };
		7102835B2062B63E000EF70E /* Info.plist */ = {isa = PBXFileReference; lastKnownFileType = text.plist.xml; path = Info.plist; sourceTree = "<group>"; };
		71065BD62062BCDD008FFF55 /* TrainCreatorViewController.swift */ = {isa = PBXFileReference; lastKnownFileType = sourcecode.swift; path = TrainCreatorViewController.swift; sourceTree = "<group>"; };
		71065BD82062BD02008FFF55 /* NetworkService.swift */ = {isa = PBXFileReference; lastKnownFileType = sourcecode.swift; path = NetworkService.swift; sourceTree = "<group>"; };
		71065BDE2062C177008FFF55 /* TrainListViewController.swift */ = {isa = PBXFileReference; lastKnownFileType = sourcecode.swift; path = TrainListViewController.swift; sourceTree = "<group>"; };
		715729792062D88A008354DC /* TrainDetailViewController.swift */ = {isa = PBXFileReference; fileEncoding = 4; lastKnownFileType = sourcecode.swift; path = TrainDetailViewController.swift; sourceTree = "<group>"; };
		7157297B2062F130008354DC /* NewTrainViewController.swift */ = {isa = PBXFileReference; lastKnownFileType = sourcecode.swift; path = NewTrainViewController.swift; sourceTree = "<group>"; };
		715729872063CB21008354DC /* GoogleService-Info.plist */ = {isa = PBXFileReference; fileEncoding = 4; lastKnownFileType = text.plist.xml; path = "GoogleService-Info.plist"; sourceTree = "<group>"; };
		715729892063CC53008354DC /* LunchTrain.entitlements */ = {isa = PBXFileReference; lastKnownFileType = text.plist.entitlements; path = LunchTrain.entitlements; sourceTree = "<group>"; };
		71B12F2520CA8B8D00CE559D /* TrainListViewModel.swift */ = {isa = PBXFileReference; lastKnownFileType = sourcecode.swift; path = TrainListViewModel.swift; sourceTree = "<group>"; };
		71B12F2720CA8B9600CE559D /* TrainListViewData.swift */ = {isa = PBXFileReference; lastKnownFileType = sourcecode.swift; path = TrainListViewData.swift; sourceTree = "<group>"; };
		71B12F2920CA948000CE559D /* Train.swift */ = {isa = PBXFileReference; fileEncoding = 4; lastKnownFileType = sourcecode.swift; path = Train.swift; sourceTree = "<group>"; };
		71B12F2C20CA9B2300CE559D /* ViewController+Ext.swift */ = {isa = PBXFileReference; lastKnownFileType = sourcecode.swift; path = "ViewController+Ext.swift"; sourceTree = "<group>"; };
		71B12F2E20CA9BE900CE559D /* main.swift */ = {isa = PBXFileReference; lastKnownFileType = sourcecode.swift; path = main.swift; sourceTree = "<group>"; };
		71B12F3020CAB66F00CE559D /* TableViewAdapter.swift */ = {isa = PBXFileReference; lastKnownFileType = sourcecode.swift; path = TableViewAdapter.swift; sourceTree = "<group>"; };
		71B12F3220CAD19000CE559D /* NewTrainViewModel.swift */ = {isa = PBXFileReference; lastKnownFileType = sourcecode.swift; path = NewTrainViewModel.swift; sourceTree = "<group>"; };
		71B12F3420CC0AD700CE559D /* TrainDetailViewModel.swift */ = {isa = PBXFileReference; lastKnownFileType = sourcecode.swift; path = TrainDetailViewModel.swift; sourceTree = "<group>"; };
		71B12F3620CC0AE200CE559D /* TrainDetailViewData.swift */ = {isa = PBXFileReference; lastKnownFileType = sourcecode.swift; path = TrainDetailViewData.swift; sourceTree = "<group>"; };
		71DC82D020DBAD4000E264DD /* User.swift */ = {isa = PBXFileReference; lastKnownFileType = sourcecode.swift; path = User.swift; sourceTree = "<group>"; };
		90CA036A064572006CF1EB89 /* Pods_LunchTrainTests.framework */ = {isa = PBXFileReference; explicitFileType = wrapper.framework; includeInIndex = 0; path = Pods_LunchTrainTests.framework; sourceTree = BUILT_PRODUCTS_DIR; };
		B600682AAF307F669CE71A48 /* Pods-LunchTrainTests.debug.xcconfig */ = {isa = PBXFileReference; includeInIndex = 1; lastKnownFileType = text.xcconfig; name = "Pods-LunchTrainTests.debug.xcconfig"; path = "Pods/Target Support Files/Pods-LunchTrainTests/Pods-LunchTrainTests.debug.xcconfig"; sourceTree = "<group>"; };
/* End PBXFileReference section */

/* Begin PBXFrameworksBuildPhase section */
		7102833E2062B63D000EF70E /* Frameworks */ = {
			isa = PBXFrameworksBuildPhase;
			buildActionMask = 2147483647;
			files = (
				7DEC7B725B0000916B18AEDF /* Pods_LunchTrain.framework in Frameworks */,
			);
			runOnlyForDeploymentPostprocessing = 0;
		};
		710283522062B63E000EF70E /* Frameworks */ = {
			isa = PBXFrameworksBuildPhase;
			buildActionMask = 2147483647;
			files = (
				9092A2C7BB89F33679DEC705 /* Pods_LunchTrainTests.framework in Frameworks */,
			);
			runOnlyForDeploymentPostprocessing = 0;
		};
/* End PBXFrameworksBuildPhase section */

/* Begin PBXGroup section */
		351E35F6F92059071EC5AC20 /* Pods */ = {
			isa = PBXGroup;
			children = (
				2206D309C108025966CDBD87 /* Pods-LunchTrain.debug.xcconfig */,
				512189AEA7DC7974F6D1E10D /* Pods-LunchTrain.release.xcconfig */,
				B600682AAF307F669CE71A48 /* Pods-LunchTrainTests.debug.xcconfig */,
				552AE1DC34637018D2A4B46B /* Pods-LunchTrainTests.release.xcconfig */,
			);
			name = Pods;
			sourceTree = "<group>";
		};
		710283382062B63D000EF70E = {
			isa = PBXGroup;
			children = (
				710283432062B63D000EF70E /* LunchTrain */,
				710283582062B63E000EF70E /* LunchTrainTests */,
				710283422062B63D000EF70E /* Products */,
				351E35F6F92059071EC5AC20 /* Pods */,
				EAE4CF2632FA1BBD14054599 /* Frameworks */,
			);
			sourceTree = "<group>";
		};
		710283422062B63D000EF70E /* Products */ = {
			isa = PBXGroup;
			children = (
				710283412062B63D000EF70E /* LunchTrain.app */,
				710283552062B63E000EF70E /* LunchTrainTests.xctest */,
			);
			name = Products;
			sourceTree = "<group>";
		};
		710283432062B63D000EF70E /* LunchTrain */ = {
			isa = PBXGroup;
			children = (
				71B12F2B20CA9B1400CE559D /* Common */,
				71B12F2420CA8B6600CE559D /* NewTrain */,
				71B12F2320CA8B5E00CE559D /* TrainDetail */,
				715729892063CC53008354DC /* LunchTrain.entitlements */,
				715729872063CB21008354DC /* GoogleService-Info.plist */,
				71065BD52062BB36008FFF55 /* TrainList */,
				710283442062B63D000EF70E /* AppDelegate.swift */,
				710283462062B63E000EF70E /* BaseViewController.swift */,
				710283482062B63E000EF70E /* Main.storyboard */,
				7102834B2062B63E000EF70E /* Assets.xcassets */,
				7102834D2062B63E000EF70E /* LaunchScreen.storyboard */,
				710283502062B63E000EF70E /* Info.plist */,
				71065BD62062BCDD008FFF55 /* TrainCreatorViewController.swift */,
				71B12F2920CA948000CE559D /* Train.swift */,
				71065BD82062BD02008FFF55 /* NetworkService.swift */,
				71B12F2E20CA9BE900CE559D /* main.swift */,
			);
			path = LunchTrain;
			sourceTree = "<group>";
		};
		710283582062B63E000EF70E /* LunchTrainTests */ = {
			isa = PBXGroup;
			children = (
				710283592062B63E000EF70E /* LunchTrainTests.swift */,
				7102835B2062B63E000EF70E /* Info.plist */,
			);
			path = LunchTrainTests;
			sourceTree = "<group>";
		};
		71065BD52062BB36008FFF55 /* TrainList */ = {
			isa = PBXGroup;
			children = (
				71065BDE2062C177008FFF55 /* TrainListViewController.swift */,
				71B12F2520CA8B8D00CE559D /* TrainListViewModel.swift */,
				71B12F2720CA8B9600CE559D /* TrainListViewData.swift */,
			);
			path = TrainList;
			sourceTree = "<group>";
		};
		71B12F2320CA8B5E00CE559D /* TrainDetail */ = {
			isa = PBXGroup;
			children = (
				715729792062D88A008354DC /* TrainDetailViewController.swift */,
				71B12F3420CC0AD700CE559D /* TrainDetailViewModel.swift */,
				71B12F3620CC0AE200CE559D /* TrainDetailViewData.swift */,
				71DC82D020DBAD4000E264DD /* User.swift */,
			);
			path = TrainDetail;
			sourceTree = "<group>";
		};
		71B12F2420CA8B6600CE559D /* NewTrain */ = {
			isa = PBXGroup;
			children = (
				7157297B2062F130008354DC /* NewTrainViewController.swift */,
				71B12F3220CAD19000CE559D /* NewTrainViewModel.swift */,
			);
			path = NewTrain;
			sourceTree = "<group>";
		};
		71B12F2B20CA9B1400CE559D /* Common */ = {
			isa = PBXGroup;
			children = (
				71B12F2C20CA9B2300CE559D /* ViewController+Ext.swift */,
				71B12F3020CAB66F00CE559D /* TableViewAdapter.swift */,
			);
			path = Common;
			sourceTree = "<group>";
		};
		EAE4CF2632FA1BBD14054599 /* Frameworks */ = {
			isa = PBXGroup;
			children = (
				56A28F6FA3E04E8A1DB42762 /* Pods_LunchTrain.framework */,
				90CA036A064572006CF1EB89 /* Pods_LunchTrainTests.framework */,
			);
			name = Frameworks;
			sourceTree = "<group>";
		};
/* End PBXGroup section */

/* Begin PBXNativeTarget section */
		710283402062B63D000EF70E /* LunchTrain */ = {
			isa = PBXNativeTarget;
			buildConfigurationList = 7102835E2062B63E000EF70E /* Build configuration list for PBXNativeTarget "LunchTrain" */;
			buildPhases = (
				E3E02F90E8C8D6C92449AAE3 /* [CP] Check Pods Manifest.lock */,
				7102833D2062B63D000EF70E /* Sources */,
				7102833E2062B63D000EF70E /* Frameworks */,
				7102833F2062B63D000EF70E /* Resources */,
				0E7B2E9D5DB709034249786D /* [CP] Embed Pods Frameworks */,
				2B46EC712213BFCB53031FFD /* [CP] Copy Pods Resources */,
			);
			buildRules = (
			);
			dependencies = (
			);
			name = LunchTrain;
			productName = LunchTrain;
			productReference = 710283412062B63D000EF70E /* LunchTrain.app */;
			productType = "com.apple.product-type.application";
		};
		710283542062B63E000EF70E /* LunchTrainTests */ = {
			isa = PBXNativeTarget;
			buildConfigurationList = 710283612062B63E000EF70E /* Build configuration list for PBXNativeTarget "LunchTrainTests" */;
			buildPhases = (
				86179421DDD8147AF3DBEB77 /* [CP] Check Pods Manifest.lock */,
				710283512062B63E000EF70E /* Sources */,
				710283522062B63E000EF70E /* Frameworks */,
				710283532062B63E000EF70E /* Resources */,
			);
			buildRules = (
			);
			dependencies = (
				710283572062B63E000EF70E /* PBXTargetDependency */,
			);
			name = LunchTrainTests;
			productName = LunchTrainTests;
			productReference = 710283552062B63E000EF70E /* LunchTrainTests.xctest */;
			productType = "com.apple.product-type.bundle.unit-test";
		};
/* End PBXNativeTarget section */

/* Begin PBXProject section */
		710283392062B63D000EF70E /* Project object */ = {
			isa = PBXProject;
			attributes = {
				LastSwiftUpdateCheck = 0920;
				LastUpgradeCheck = 0920;
				ORGANIZATIONNAME = npower;
				TargetAttributes = {
					710283402062B63D000EF70E = {
						CreatedOnToolsVersion = 9.2;
						ProvisioningStyle = Automatic;
						SystemCapabilities = {
							com.apple.Push = {
								enabled = 1;
							};
						};
					};
					710283542062B63E000EF70E = {
						CreatedOnToolsVersion = 9.2;
						ProvisioningStyle = Automatic;
						TestTargetID = 710283402062B63D000EF70E;
					};
				};
			};
			buildConfigurationList = 7102833C2062B63D000EF70E /* Build configuration list for PBXProject "LunchTrain" */;
			compatibilityVersion = "Xcode 8.0";
			developmentRegion = en;
			hasScannedForEncodings = 0;
			knownRegions = (
				en,
				Base,
			);
			mainGroup = 710283382062B63D000EF70E;
			productRefGroup = 710283422062B63D000EF70E /* Products */;
			projectDirPath = "";
			projectRoot = "";
			targets = (
				710283402062B63D000EF70E /* LunchTrain */,
				710283542062B63E000EF70E /* LunchTrainTests */,
			);
		};
/* End PBXProject section */

/* Begin PBXResourcesBuildPhase section */
		7102833F2062B63D000EF70E /* Resources */ = {
			isa = PBXResourcesBuildPhase;
			buildActionMask = 2147483647;
			files = (
				7102834F2062B63E000EF70E /* LaunchScreen.storyboard in Resources */,
				715729882063CB22008354DC /* GoogleService-Info.plist in Resources */,
				7102834C2062B63E000EF70E /* Assets.xcassets in Resources */,
				7102834A2062B63E000EF70E /* Main.storyboard in Resources */,
			);
			runOnlyForDeploymentPostprocessing = 0;
		};
		710283532062B63E000EF70E /* Resources */ = {
			isa = PBXResourcesBuildPhase;
			buildActionMask = 2147483647;
			files = (
			);
			runOnlyForDeploymentPostprocessing = 0;
		};
/* End PBXResourcesBuildPhase section */

/* Begin PBXShellScriptBuildPhase section */
		0E7B2E9D5DB709034249786D /* [CP] Embed Pods Frameworks */ = {
			isa = PBXShellScriptBuildPhase;
			buildActionMask = 2147483647;
			files = (
			);
			inputPaths = (
				"${SRCROOT}/Pods/Target Support Files/Pods-LunchTrain/Pods-LunchTrain-frameworks.sh",
				"${BUILT_PRODUCTS_DIR}/BoringSSL/openssl.framework",
				"${BUILT_PRODUCTS_DIR}/GTMOAuth2/GTMOAuth2.framework",
				"${BUILT_PRODUCTS_DIR}/GTMSessionFetcher/GTMSessionFetcher.framework",
				"${BUILT_PRODUCTS_DIR}/GoogleToolboxForMac/GoogleToolboxForMac.framework",
				"${BUILT_PRODUCTS_DIR}/MDFInternationalization/MDFInternationalization.framework",
				"${BUILT_PRODUCTS_DIR}/MDFTextAccessibility/MDFTextAccessibility.framework",
				"${BUILT_PRODUCTS_DIR}/MaterialComponents/MaterialComponents.framework",
				"${BUILT_PRODUCTS_DIR}/MotionAnimator/MotionAnimator.framework",
				"${BUILT_PRODUCTS_DIR}/MotionInterchange/MotionInterchange.framework",
				"${BUILT_PRODUCTS_DIR}/MotionTransitioning/MotionTransitioning.framework",
				"${BUILT_PRODUCTS_DIR}/Protobuf/Protobuf.framework",
				"${BUILT_PRODUCTS_DIR}/SnapKit/SnapKit.framework",
				"${BUILT_PRODUCTS_DIR}/gRPC/GRPCClient.framework",
				"${BUILT_PRODUCTS_DIR}/gRPC-Core/grpc.framework",
				"${BUILT_PRODUCTS_DIR}/gRPC-ProtoRPC/ProtoRPC.framework",
				"${BUILT_PRODUCTS_DIR}/gRPC-RxLibrary/RxLibrary.framework",
				"${BUILT_PRODUCTS_DIR}/leveldb-library/leveldb.framework",
				"${BUILT_PRODUCTS_DIR}/nanopb/nanopb.framework",
			);
			name = "[CP] Embed Pods Frameworks";
			outputPaths = (
				"${TARGET_BUILD_DIR}/${FRAMEWORKS_FOLDER_PATH}/openssl.framework",
				"${TARGET_BUILD_DIR}/${FRAMEWORKS_FOLDER_PATH}/GTMOAuth2.framework",
				"${TARGET_BUILD_DIR}/${FRAMEWORKS_FOLDER_PATH}/GTMSessionFetcher.framework",
				"${TARGET_BUILD_DIR}/${FRAMEWORKS_FOLDER_PATH}/GoogleToolboxForMac.framework",
				"${TARGET_BUILD_DIR}/${FRAMEWORKS_FOLDER_PATH}/MDFInternationalization.framework",
				"${TARGET_BUILD_DIR}/${FRAMEWORKS_FOLDER_PATH}/MDFTextAccessibility.framework",
				"${TARGET_BUILD_DIR}/${FRAMEWORKS_FOLDER_PATH}/MaterialComponents.framework",
				"${TARGET_BUILD_DIR}/${FRAMEWORKS_FOLDER_PATH}/MotionAnimator.framework",
				"${TARGET_BUILD_DIR}/${FRAMEWORKS_FOLDER_PATH}/MotionInterchange.framework",
				"${TARGET_BUILD_DIR}/${FRAMEWORKS_FOLDER_PATH}/MotionTransitioning.framework",
				"${TARGET_BUILD_DIR}/${FRAMEWORKS_FOLDER_PATH}/Protobuf.framework",
				"${TARGET_BUILD_DIR}/${FRAMEWORKS_FOLDER_PATH}/SnapKit.framework",
				"${TARGET_BUILD_DIR}/${FRAMEWORKS_FOLDER_PATH}/GRPCClient.framework",
				"${TARGET_BUILD_DIR}/${FRAMEWORKS_FOLDER_PATH}/grpc.framework",
				"${TARGET_BUILD_DIR}/${FRAMEWORKS_FOLDER_PATH}/ProtoRPC.framework",
				"${TARGET_BUILD_DIR}/${FRAMEWORKS_FOLDER_PATH}/RxLibrary.framework",
				"${TARGET_BUILD_DIR}/${FRAMEWORKS_FOLDER_PATH}/leveldb.framework",
				"${TARGET_BUILD_DIR}/${FRAMEWORKS_FOLDER_PATH}/nanopb.framework",
			);
			runOnlyForDeploymentPostprocessing = 0;
			shellPath = /bin/sh;
			shellScript = "\"${SRCROOT}/Pods/Target Support Files/Pods-LunchTrain/Pods-LunchTrain-frameworks.sh\"\n";
			showEnvVarsInLog = 0;
		};
		2B46EC712213BFCB53031FFD /* [CP] Copy Pods Resources */ = {
			isa = PBXShellScriptBuildPhase;
			buildActionMask = 2147483647;
			files = (
			);
			inputPaths = (
				"${SRCROOT}/Pods/Target Support Files/Pods-LunchTrain/Pods-LunchTrain-resources.sh",
				"${PODS_CONFIGURATION_BUILD_DIR}/FirebaseUI/FirebaseAuthUI.bundle",
				"${PODS_CONFIGURATION_BUILD_DIR}/FirebaseUI/FirebaseGoogleAuthUI.bundle",
				"${PODS_ROOT}/GoogleSignIn/Resources/GoogleSignIn.bundle",
			);
			name = "[CP] Copy Pods Resources";
			outputPaths = (
				"${TARGET_BUILD_DIR}/${UNLOCALIZED_RESOURCES_FOLDER_PATH}/FirebaseAuthUI.bundle",
				"${TARGET_BUILD_DIR}/${UNLOCALIZED_RESOURCES_FOLDER_PATH}/FirebaseGoogleAuthUI.bundle",
				"${TARGET_BUILD_DIR}/${UNLOCALIZED_RESOURCES_FOLDER_PATH}/GoogleSignIn.bundle",
			);
			runOnlyForDeploymentPostprocessing = 0;
			shellPath = /bin/sh;
			shellScript = "\"${SRCROOT}/Pods/Target Support Files/Pods-LunchTrain/Pods-LunchTrain-resources.sh\"\n";
			showEnvVarsInLog = 0;
		};
		86179421DDD8147AF3DBEB77 /* [CP] Check Pods Manifest.lock */ = {
			isa = PBXShellScriptBuildPhase;
			buildActionMask = 2147483647;
			files = (
			);
			inputPaths = (
				"${PODS_PODFILE_DIR_PATH}/Podfile.lock",
				"${PODS_ROOT}/Manifest.lock",
			);
			name = "[CP] Check Pods Manifest.lock";
			outputPaths = (
				"$(DERIVED_FILE_DIR)/Pods-LunchTrainTests-checkManifestLockResult.txt",
			);
			runOnlyForDeploymentPostprocessing = 0;
			shellPath = /bin/sh;
			shellScript = "diff \"${PODS_PODFILE_DIR_PATH}/Podfile.lock\" \"${PODS_ROOT}/Manifest.lock\" > /dev/null\nif [ $? != 0 ] ; then\n    # print error to STDERR\n    echo \"error: The sandbox is not in sync with the Podfile.lock. Run 'pod install' or update your CocoaPods installation.\" >&2\n    exit 1\nfi\n# This output is used by Xcode 'outputs' to avoid re-running this script phase.\necho \"SUCCESS\" > \"${SCRIPT_OUTPUT_FILE_0}\"\n";
			showEnvVarsInLog = 0;
		};
		E3E02F90E8C8D6C92449AAE3 /* [CP] Check Pods Manifest.lock */ = {
			isa = PBXShellScriptBuildPhase;
			buildActionMask = 2147483647;
			files = (
			);
			inputPaths = (
				"${PODS_PODFILE_DIR_PATH}/Podfile.lock",
				"${PODS_ROOT}/Manifest.lock",
			);
			name = "[CP] Check Pods Manifest.lock";
			outputPaths = (
				"$(DERIVED_FILE_DIR)/Pods-LunchTrain-checkManifestLockResult.txt",
			);
			runOnlyForDeploymentPostprocessing = 0;
			shellPath = /bin/sh;
			shellScript = "diff \"${PODS_PODFILE_DIR_PATH}/Podfile.lock\" \"${PODS_ROOT}/Manifest.lock\" > /dev/null\nif [ $? != 0 ] ; then\n    # print error to STDERR\n    echo \"error: The sandbox is not in sync with the Podfile.lock. Run 'pod install' or update your CocoaPods installation.\" >&2\n    exit 1\nfi\n# This output is used by Xcode 'outputs' to avoid re-running this script phase.\necho \"SUCCESS\" > \"${SCRIPT_OUTPUT_FILE_0}\"\n";
			showEnvVarsInLog = 0;
		};
/* End PBXShellScriptBuildPhase section */

/* Begin PBXSourcesBuildPhase section */
		7102833D2062B63D000EF70E /* Sources */ = {
			isa = PBXSourcesBuildPhase;
			buildActionMask = 2147483647;
			files = (
				710283472062B63E000EF70E /* BaseViewController.swift in Sources */,
				71B12F3120CAB66F00CE559D /* TableViewAdapter.swift in Sources */,
				71065BD72062BCDD008FFF55 /* TrainCreatorViewController.swift in Sources */,
				71B12F2F20CA9BE900CE559D /* main.swift in Sources */,
				71B12F3320CAD19000CE559D /* NewTrainViewModel.swift in Sources */,
				71B12F3520CC0AD700CE559D /* TrainDetailViewModel.swift in Sources */,
				71065BD92062BD02008FFF55 /* NetworkService.swift in Sources */,
				71DC82D120DBAD4000E264DD /* User.swift in Sources */,
				7157297A2062D88A008354DC /* TrainDetailViewController.swift in Sources */,
				71B12F2D20CA9B2300CE559D /* ViewController+Ext.swift in Sources */,
				710283452062B63D000EF70E /* AppDelegate.swift in Sources */,
				71B12F3720CC0AE200CE559D /* TrainDetailViewData.swift in Sources */,
				7157297C2062F130008354DC /* NewTrainViewController.swift in Sources */,
				71B12F2820CA8B9600CE559D /* TrainListViewData.swift in Sources */,
				71B12F2620CA8B8D00CE559D /* TrainListViewModel.swift in Sources */,
				71B12F2A20CA948000CE559D /* Train.swift in Sources */,
				71065BDF2062C177008FFF55 /* TrainListViewController.swift in Sources */,
			);
			runOnlyForDeploymentPostprocessing = 0;
		};
		710283512062B63E000EF70E /* Sources */ = {
			isa = PBXSourcesBuildPhase;
			buildActionMask = 2147483647;
			files = (
				7102835A2062B63E000EF70E /* LunchTrainTests.swift in Sources */,
			);
			runOnlyForDeploymentPostprocessing = 0;
		};
/* End PBXSourcesBuildPhase section */

/* Begin PBXTargetDependency section */
		710283572062B63E000EF70E /* PBXTargetDependency */ = {
			isa = PBXTargetDependency;
			target = 710283402062B63D000EF70E /* LunchTrain */;
			targetProxy = 710283562062B63E000EF70E /* PBXContainerItemProxy */;
		};
/* End PBXTargetDependency section */

/* Begin PBXVariantGroup section */
		710283482062B63E000EF70E /* Main.storyboard */ = {
			isa = PBXVariantGroup;
			children = (
				710283492062B63E000EF70E /* Base */,
			);
			name = Main.storyboard;
			sourceTree = "<group>";
		};
		7102834D2062B63E000EF70E /* LaunchScreen.storyboard */ = {
			isa = PBXVariantGroup;
			children = (
				7102834E2062B63E000EF70E /* Base */,
			);
			name = LaunchScreen.storyboard;
			sourceTree = "<group>";
		};
/* End PBXVariantGroup section */

/* Begin XCBuildConfiguration section */
		7102835C2062B63E000EF70E /* Debug */ = {
			isa = XCBuildConfiguration;
			buildSettings = {
				ALWAYS_SEARCH_USER_PATHS = NO;
				CLANG_ANALYZER_NONNULL = YES;
				CLANG_ANALYZER_NUMBER_OBJECT_CONVERSION = YES_AGGRESSIVE;
				CLANG_CXX_LANGUAGE_STANDARD = "gnu++14";
				CLANG_CXX_LIBRARY = "libc++";
				CLANG_ENABLE_MODULES = YES;
				CLANG_ENABLE_OBJC_ARC = YES;
				CLANG_WARN_BLOCK_CAPTURE_AUTORELEASING = YES;
				CLANG_WARN_BOOL_CONVERSION = YES;
				CLANG_WARN_COMMA = YES;
				CLANG_WARN_CONSTANT_CONVERSION = YES;
				CLANG_WARN_DIRECT_OBJC_ISA_USAGE = YES_ERROR;
				CLANG_WARN_DOCUMENTATION_COMMENTS = YES;
				CLANG_WARN_EMPTY_BODY = YES;
				CLANG_WARN_ENUM_CONVERSION = YES;
				CLANG_WARN_INFINITE_RECURSION = YES;
				CLANG_WARN_INT_CONVERSION = YES;
				CLANG_WARN_NON_LITERAL_NULL_CONVERSION = YES;
				CLANG_WARN_OBJC_LITERAL_CONVERSION = YES;
				CLANG_WARN_OBJC_ROOT_CLASS = YES_ERROR;
				CLANG_WARN_RANGE_LOOP_ANALYSIS = YES;
				CLANG_WARN_STRICT_PROTOTYPES = YES;
				CLANG_WARN_SUSPICIOUS_MOVE = YES;
				CLANG_WARN_UNGUARDED_AVAILABILITY = YES_AGGRESSIVE;
				CLANG_WARN_UNREACHABLE_CODE = YES;
				CLANG_WARN__DUPLICATE_METHOD_MATCH = YES;
				CODE_SIGN_IDENTITY = "iPhone Developer";
				COPY_PHASE_STRIP = NO;
				DEBUG_INFORMATION_FORMAT = dwarf;
				ENABLE_STRICT_OBJC_MSGSEND = YES;
				ENABLE_TESTABILITY = YES;
				GCC_C_LANGUAGE_STANDARD = gnu11;
				GCC_DYNAMIC_NO_PIC = NO;
				GCC_NO_COMMON_BLOCKS = YES;
				GCC_OPTIMIZATION_LEVEL = 0;
				GCC_PREPROCESSOR_DEFINITIONS = (
					"DEBUG=1",
					"$(inherited)",
				);
				GCC_WARN_64_TO_32_BIT_CONVERSION = YES;
				GCC_WARN_ABOUT_RETURN_TYPE = YES_ERROR;
				GCC_WARN_UNDECLARED_SELECTOR = YES;
				GCC_WARN_UNINITIALIZED_AUTOS = YES_AGGRESSIVE;
				GCC_WARN_UNUSED_FUNCTION = YES;
				GCC_WARN_UNUSED_VARIABLE = YES;
				IPHONEOS_DEPLOYMENT_TARGET = 11.2;
				MTL_ENABLE_DEBUG_INFO = YES;
				ONLY_ACTIVE_ARCH = YES;
				SDKROOT = iphoneos;
				SWIFT_ACTIVE_COMPILATION_CONDITIONS = DEBUG;
				SWIFT_OPTIMIZATION_LEVEL = "-Onone";
			};
			name = Debug;
		};
		7102835D2062B63E000EF70E /* Release */ = {
			isa = XCBuildConfiguration;
			buildSettings = {
				ALWAYS_SEARCH_USER_PATHS = NO;
				CLANG_ANALYZER_NONNULL = YES;
				CLANG_ANALYZER_NUMBER_OBJECT_CONVERSION = YES_AGGRESSIVE;
				CLANG_CXX_LANGUAGE_STANDARD = "gnu++14";
				CLANG_CXX_LIBRARY = "libc++";
				CLANG_ENABLE_MODULES = YES;
				CLANG_ENABLE_OBJC_ARC = YES;
				CLANG_WARN_BLOCK_CAPTURE_AUTORELEASING = YES;
				CLANG_WARN_BOOL_CONVERSION = YES;
				CLANG_WARN_COMMA = YES;
				CLANG_WARN_CONSTANT_CONVERSION = YES;
				CLANG_WARN_DIRECT_OBJC_ISA_USAGE = YES_ERROR;
				CLANG_WARN_DOCUMENTATION_COMMENTS = YES;
				CLANG_WARN_EMPTY_BODY = YES;
				CLANG_WARN_ENUM_CONVERSION = YES;
				CLANG_WARN_INFINITE_RECURSION = YES;
				CLANG_WARN_INT_CONVERSION = YES;
				CLANG_WARN_NON_LITERAL_NULL_CONVERSION = YES;
				CLANG_WARN_OBJC_LITERAL_CONVERSION = YES;
				CLANG_WARN_OBJC_ROOT_CLASS = YES_ERROR;
				CLANG_WARN_RANGE_LOOP_ANALYSIS = YES;
				CLANG_WARN_STRICT_PROTOTYPES = YES;
				CLANG_WARN_SUSPICIOUS_MOVE = YES;
				CLANG_WARN_UNGUARDED_AVAILABILITY = YES_AGGRESSIVE;
				CLANG_WARN_UNREACHABLE_CODE = YES;
				CLANG_WARN__DUPLICATE_METHOD_MATCH = YES;
				CODE_SIGN_IDENTITY = "iPhone Developer";
				COPY_PHASE_STRIP = NO;
				DEBUG_INFORMATION_FORMAT = "dwarf-with-dsym";
				ENABLE_NS_ASSERTIONS = NO;
				ENABLE_STRICT_OBJC_MSGSEND = YES;
				GCC_C_LANGUAGE_STANDARD = gnu11;
				GCC_NO_COMMON_BLOCKS = YES;
				GCC_WARN_64_TO_32_BIT_CONVERSION = YES;
				GCC_WARN_ABOUT_RETURN_TYPE = YES_ERROR;
				GCC_WARN_UNDECLARED_SELECTOR = YES;
				GCC_WARN_UNINITIALIZED_AUTOS = YES_AGGRESSIVE;
				GCC_WARN_UNUSED_FUNCTION = YES;
				GCC_WARN_UNUSED_VARIABLE = YES;
				IPHONEOS_DEPLOYMENT_TARGET = 11.2;
				MTL_ENABLE_DEBUG_INFO = NO;
				SDKROOT = iphoneos;
				SWIFT_OPTIMIZATION_LEVEL = "-Owholemodule";
				VALIDATE_PRODUCT = YES;
			};
			name = Release;
		};
		7102835F2062B63E000EF70E /* Debug */ = {
			isa = XCBuildConfiguration;
			baseConfigurationReference = 2206D309C108025966CDBD87 /* Pods-LunchTrain.debug.xcconfig */;
			buildSettings = {
				ASSETCATALOG_COMPILER_APPICON_NAME = AppIcon;
				CODE_SIGN_ENTITLEMENTS = LunchTrain/LunchTrain.entitlements;
				"CODE_SIGN_IDENTITY[sdk=iphoneos*]" = "iPhone Developer";
				CODE_SIGN_STYLE = Automatic;
				DEVELOPMENT_TEAM = L95VYZHMJB;
				INFOPLIST_FILE = LunchTrain/Info.plist;
				LD_RUNPATH_SEARCH_PATHS = "$(inherited) @executable_path/Frameworks";
				PRODUCT_BUNDLE_IDENTIFIER = "com.npower.lunch-train";
				PRODUCT_NAME = "$(TARGET_NAME)";
				PROVISIONING_PROFILE_SPECIFIER = "";
				SWIFT_VERSION = 4.0;
				TARGETED_DEVICE_FAMILY = "1,2";
			};
			name = Debug;
		};
		710283602062B63E000EF70E /* Release */ = {
			isa = XCBuildConfiguration;
			baseConfigurationReference = 512189AEA7DC7974F6D1E10D /* Pods-LunchTrain.release.xcconfig */;
			buildSettings = {
				ASSETCATALOG_COMPILER_APPICON_NAME = AppIcon;
				CODE_SIGN_ENTITLEMENTS = LunchTrain/LunchTrain.entitlements;
				"CODE_SIGN_IDENTITY[sdk=iphoneos*]" = "iPhone Developer";
				CODE_SIGN_STYLE = Automatic;
				DEVELOPMENT_TEAM = L95VYZHMJB;
				INFOPLIST_FILE = LunchTrain/Info.plist;
				LD_RUNPATH_SEARCH_PATHS = "$(inherited) @executable_path/Frameworks";
				PRODUCT_BUNDLE_IDENTIFIER = "com.npower.lunch-train";
				PRODUCT_NAME = "$(TARGET_NAME)";
				PROVISIONING_PROFILE_SPECIFIER = "";
				SWIFT_VERSION = 4.0;
				TARGETED_DEVICE_FAMILY = "1,2";
			};
			name = Release;
		};
		710283622062B63E000EF70E /* Debug */ = {
			isa = XCBuildConfiguration;
			baseConfigurationReference = B600682AAF307F669CE71A48 /* Pods-LunchTrainTests.debug.xcconfig */;
			buildSettings = {
				ALWAYS_EMBED_SWIFT_STANDARD_LIBRARIES = YES;
				BUNDLE_LOADER = "$(TEST_HOST)";
				CODE_SIGN_STYLE = Automatic;
				DEVELOPMENT_TEAM = J57J73XKG5;
				INFOPLIST_FILE = LunchTrainTests/Info.plist;
				LD_RUNPATH_SEARCH_PATHS = "$(inherited) @executable_path/Frameworks @loader_path/Frameworks";
				PRODUCT_BUNDLE_IDENTIFIER = com.npower.LunchTrainTests;
				PRODUCT_NAME = "$(TARGET_NAME)";
				SWIFT_VERSION = 4.0;
				TARGETED_DEVICE_FAMILY = "1,2";
				TEST_HOST = "$(BUILT_PRODUCTS_DIR)/LunchTrain.app/LunchTrain";
			};
			name = Debug;
		};
		710283632062B63E000EF70E /* Release */ = {
			isa = XCBuildConfiguration;
			baseConfigurationReference = 552AE1DC34637018D2A4B46B /* Pods-LunchTrainTests.release.xcconfig */;
			buildSettings = {
				ALWAYS_EMBED_SWIFT_STANDARD_LIBRARIES = YES;
				BUNDLE_LOADER = "$(TEST_HOST)";
				CODE_SIGN_STYLE = Automatic;
				DEVELOPMENT_TEAM = J57J73XKG5;
				INFOPLIST_FILE = LunchTrainTests/Info.plist;
				LD_RUNPATH_SEARCH_PATHS = "$(inherited) @executable_path/Frameworks @loader_path/Frameworks";
				PRODUCT_BUNDLE_IDENTIFIER = com.npower.LunchTrainTests;
				PRODUCT_NAME = "$(TARGET_NAME)";
				SWIFT_VERSION = 4.0;
				TARGETED_DEVICE_FAMILY = "1,2";
				TEST_HOST = "$(BUILT_PRODUCTS_DIR)/LunchTrain.app/LunchTrain";
			};
			name = Release;
		};
/* End XCBuildConfiguration section */

/* Begin XCConfigurationList section */
		7102833C2062B63D000EF70E /* Build configuration list for PBXProject "LunchTrain" */ = {
			isa = XCConfigurationList;
			buildConfigurations = (
				7102835C2062B63E000EF70E /* Debug */,
				7102835D2062B63E000EF70E /* Release */,
			);
			defaultConfigurationIsVisible = 0;
			defaultConfigurationName = Release;
		};
		7102835E2062B63E000EF70E /* Build configuration list for PBXNativeTarget "LunchTrain" */ = {
			isa = XCConfigurationList;
			buildConfigurations = (
				7102835F2062B63E000EF70E /* Debug */,
				710283602062B63E000EF70E /* Release */,
			);
			defaultConfigurationIsVisible = 0;
			defaultConfigurationName = Release;
		};
		710283612062B63E000EF70E /* Build configuration list for PBXNativeTarget "LunchTrainTests" */ = {
			isa = XCConfigurationList;
			buildConfigurations = (
				710283622062B63E000EF70E /* Debug */,
				710283632062B63E000EF70E /* Release */,
			);
			defaultConfigurationIsVisible = 0;
			defaultConfigurationName = Release;
		};
/* End XCConfigurationList section */
	};
	rootObject = 710283392062B63D000EF70E /* Project object */;
}
